
Microsoft Visual Studio Solution File, Format Version 12.00
# Visual Studio Version 17
VisualStudioVersion = 17.13.35931.197 d17.13
MinimumVisualStudioVersion = 10.0.40219.1
Project("{FAE04EC0-301F-11D3-BF4B-00C04F79EFBC}") = "FamilyExpenseTracker", "FamilyExpenseTracker.csproj", "{8AA7F6BC-459C-4362-9697-6D559E5C7680}"
EndProject
Global
	GlobalSection(SolutionConfigurationPlatforms) = preSolution
		Debug|Any CPU = Debug|Any CPU
		Release|Any CPU = Release|Any CPU
	EndGlobalSection
	GlobalSection(ProjectConfigurationPlatforms) = postSolution
		{8AA7F6BC-459C-4362-9697-6D559E5C7680}.Debug|Any CPU.ActiveCfg = Debug|Any CPU
		{8AA7F6BC-459C-4362-9697-6D559E5C7680}.Debug|Any CPU.Build.0 = Debug|Any CPU
		{8AA7F6BC-459C-4362-9697-6D559E5C7680}.Release|Any CPU.ActiveCfg = Release|Any CPU
		{8AA7F6BC-459C-4362-9697-6D559E5C7680}.Release|Any CPU.Build.0 = Release|Any CPU
	EndGlobalSection
	GlobalSection(SolutionProperties) = preSolution
		HideSolutionNode = FALSE
	EndGlobalSection
	GlobalSection(ExtensibilityGlobals) = postSolution
		SolutionGuid = {78E9FEE6-AF34-45AB-8DD3-974CAC994FA6}
	EndGlobalSection
EndGlobal
